
Microsoft Visual Studio Solution File, Format Version 12.00
# Visual Studio Version 16
VisualStudioVersion = 16.0.31005.135
MinimumVisualStudioVersion = 10.0.40219.1
Project("{FAE04EC0-301F-11D3-BF4B-00C04F79EFBC}") = "MyNetProject", "MyNetProject\MyNetProject.csproj", "{EAE924F5-5E4E-45D7-811E-31CE47F6F287}"
EndProject
Global
	GlobalSection(SolutionConfigurationPlatforms) = preSolution
		Debug|Any CPU = Debug|Any CPU
		Release|Any CPU = Release|Any CPU
	EndGlobalSection
	GlobalSection(ProjectConfigurationPlatforms) = postSolution
		{EAE924F5-5E4E-45D7-811E-31CE47F6F287}.Debug|Any CPU.ActiveCfg = Debug|Any CPU
		{EAE924F5-5E4E-45D7-811E-31CE47F6F287}.Debug|Any CPU.Build.0 = Debug|Any CPU
		{EAE924F5-5E4E-45D7-811E-31CE47F6F287}.Release|Any CPU.ActiveCfg = Release|Any CPU
		{EAE924F5-5E4E-45D7-811E-31CE47F6F287}.Release|Any CPU.Build.0 = Release|Any CPU
	EndGlobalSection
	GlobalSection(SolutionProperties) = preSolution
		HideSolutionNode = FALSE
	EndGlobalSection
	GlobalSection(ExtensibilityGlobals) = postSolution
		SolutionGuid = {CE54A52E-4501-4D82-A156-419B867D4ADF}
	EndGlobalSection
EndGlobal
